
Microsoft Visual Studio Solution File, Format Version 12.00
# Visual Studio Version 17
VisualStudioVersion = 17.0.31903.59
MinimumVisualStudioVersion = 10.0.40219.1
Project("{FAE04EC0-301F-11D3-BF4B-00C04F79EFBC}") = "Todo.Domain", "Todo.Domain\Todo.Domain.csproj", "{D7895BA7-20A8-4868-9363-52A7CD0A4A3A}"
EndProject
Project("{FAE04EC0-301F-11D3-BF4B-00C04F79EFBC}") = "Todo.Application", "Todo.Application\Todo.Application.csproj", "{3CB278FC-FE4F-4DEF-9F76-4D584C368332}"
EndProject
Project("{FAE04EC0-301F-11D3-BF4B-00C04F79EFBC}") = "Todo.Storage", "Todo.Storage\Todo.Storage.csproj", "{A67A66B0-D2AA-42FC-A553-EADBDC38934A}"
EndProject
Project("{FAE04EC0-301F-11D3-BF4B-00C04F79EFBC}") = "Todo.API", "Todo.API\Todo.API.csproj", "{8D6B817E-4AC6-4805-A129-5336F1235ACD}"
EndProject
Global
	GlobalSection(SolutionConfigurationPlatforms) = preSolution
		Debug|Any CPU = Debug|Any CPU
		Debug|x64 = Debug|x64
		Debug|x86 = Debug|x86
		Release|Any CPU = Release|Any CPU
		Release|x64 = Release|x64
		Release|x86 = Release|x86
	EndGlobalSection
	GlobalSection(ProjectConfigurationPlatforms) = postSolution
		{D7895BA7-20A8-4868-9363-52A7CD0A4A3A}.Debug|Any CPU.ActiveCfg = Debug|Any CPU
		{D7895BA7-20A8-4868-9363-52A7CD0A4A3A}.Debug|Any CPU.Build.0 = Debug|Any CPU
		{D7895BA7-20A8-4868-9363-52A7CD0A4A3A}.Debug|x64.ActiveCfg = Debug|Any CPU
		{D7895BA7-20A8-4868-9363-52A7CD0A4A3A}.Debug|x64.Build.0 = Debug|Any CPU
		{D7895BA7-20A8-4868-9363-52A7CD0A4A3A}.Debug|x86.ActiveCfg = Debug|Any CPU
		{D7895BA7-20A8-4868-9363-52A7CD0A4A3A}.Debug|x86.Build.0 = Debug|Any CPU
		{D7895BA7-20A8-4868-9363-52A7CD0A4A3A}.Release|Any CPU.ActiveCfg = Release|Any CPU
		{D7895BA7-20A8-4868-9363-52A7CD0A4A3A}.Release|Any CPU.Build.0 = Release|Any CPU
		{D7895BA7-20A8-4868-9363-52A7CD0A4A3A}.Release|x64.ActiveCfg = Release|Any CPU
		{D7895BA7-20A8-4868-9363-52A7CD0A4A3A}.Release|x64.Build.0 = Release|Any CPU
		{D7895BA7-20A8-4868-9363-52A7CD0A4A3A}.Release|x86.ActiveCfg = Release|Any CPU
		{D7895BA7-20A8-4868-9363-52A7CD0A4A3A}.Release|x86.Build.0 = Release|Any CPU
		{3CB278FC-FE4F-4DEF-9F76-4D584C368332}.Debug|Any CPU.ActiveCfg = Debug|Any CPU
		{3CB278FC-FE4F-4DEF-9F76-4D584C368332}.Debug|Any CPU.Build.0 = Debug|Any CPU
		{3CB278FC-FE4F-4DEF-9F76-4D584C368332}.Debug|x64.ActiveCfg = Debug|Any CPU
		{3CB278FC-FE4F-4DEF-9F76-4D584C368332}.Debug|x64.Build.0 = Debug|Any CPU
		{3CB278FC-FE4F-4DEF-9F76-4D584C368332}.Debug|x86.ActiveCfg = Debug|Any CPU
		{3CB278FC-FE4F-4DEF-9F76-4D584C368332}.Debug|x86.Build.0 = Debug|Any CPU
		{3CB278FC-FE4F-4DEF-9F76-4D584C368332}.Release|Any CPU.ActiveCfg = Release|Any CPU
		{3CB278FC-FE4F-4DEF-9F76-4D584C368332}.Release|Any CPU.Build.0 = Release|Any CPU
		{3CB278FC-FE4F-4DEF-9F76-4D584C368332}.Release|x64.ActiveCfg = Release|Any CPU
		{3CB278FC-FE4F-4DEF-9F76-4D584C368332}.Release|x64.Build.0 = Release|Any CPU
		{3CB278FC-FE4F-4DEF-9F76-4D584C368332}.Release|x86.ActiveCfg = Release|Any CPU
		{3CB278FC-FE4F-4DEF-9F76-4D584C368332}.Release|x86.Build.0 = Release|Any CPU
		{A67A66B0-D2AA-42FC-A553-EADBDC38934A}.Debug|Any CPU.ActiveCfg = Debug|Any CPU
		{A67A66B0-D2AA-42FC-A553-EADBDC38934A}.Debug|Any CPU.Build.0 = Debug|Any CPU
		{A67A66B0-D2AA-42FC-A553-EADBDC38934A}.Debug|x64.ActiveCfg = Debug|Any CPU
		{A67A66B0-D2AA-42FC-A553-EADBDC38934A}.Debug|x64.Build.0 = Debug|Any CPU
		{A67A66B0-D2AA-42FC-A553-EADBDC38934A}.Debug|x86.ActiveCfg = Debug|Any CPU
		{A67A66B0-D2AA-42FC-A553-EADBDC38934A}.Debug|x86.Build.0 = Debug|Any CPU
		{A67A66B0-D2AA-42FC-A553-EADBDC38934A}.Release|Any CPU.ActiveCfg = Release|Any CPU
		{A67A66B0-D2AA-42FC-A553-EADBDC38934A}.Release|Any CPU.Build.0 = Release|Any CPU
		{A67A66B0-D2AA-42FC-A553-EADBDC38934A}.Release|x64.ActiveCfg = Release|Any CPU
		{A67A66B0-D2AA-42FC-A553-EADBDC38934A}.Release|x64.Build.0 = Release|Any CPU
		{A67A66B0-D2AA-42FC-A553-EADBDC38934A}.Release|x86.ActiveCfg = Release|Any CPU
		{A67A66B0-D2AA-42FC-A553-EADBDC38934A}.Release|x86.Build.0 = Release|Any CPU
		{8D6B817E-4AC6-4805-A129-5336F1235ACD}.Debug|Any CPU.ActiveCfg = Debug|Any CPU
		{8D6B817E-4AC6-4805-A129-5336F1235ACD}.Debug|Any CPU.Build.0 = Debug|Any CPU
		{8D6B817E-4AC6-4805-A129-5336F1235ACD}.Debug|x64.ActiveCfg = Debug|Any CPU
		{8D6B817E-4AC6-4805-A129-5336F1235ACD}.Debug|x64.Build.0 = Debug|Any CPU
		{8D6B817E-4AC6-4805-A129-5336F1235ACD}.Debug|x86.ActiveCfg = Debug|Any CPU
		{8D6B817E-4AC6-4805-A129-5336F1235ACD}.Debug|x86.Build.0 = Debug|Any CPU
		{8D6B817E-4AC6-4805-A129-5336F1235ACD}.Release|Any CPU.ActiveCfg = Release|Any CPU
		{8D6B817E-4AC6-4805-A129-5336F1235ACD}.Release|Any CPU.Build.0 = Release|Any CPU
		{8D6B817E-4AC6-4805-A129-5336F1235ACD}.Release|x64.ActiveCfg = Release|Any CPU
		{8D6B817E-4AC6-4805-A129-5336F1235ACD}.Release|x64.Build.0 = Release|Any CPU
		{8D6B817E-4AC6-4805-A129-5336F1235ACD}.Release|x86.ActiveCfg = Release|Any CPU
		{8D6B817E-4AC6-4805-A129-5336F1235ACD}.Release|x86.Build.0 = Release|Any CPU
	EndGlobalSection
	GlobalSection(SolutionProperties) = preSolution
		HideSolutionNode = FALSE
	EndGlobalSection
EndGlobal
